
Microsoft Visual Studio Solution File, Format Version 12.00
# Visual Studio Version 17
VisualStudioVersion = 17.7.34031.279
MinimumVisualStudioVersion = 10.0.40219.1
Project("{9A19103F-16F7-4668-BE54-9A1E7A4F7556}") = "ChocoUlid", "ChocoUlid\ChocoUlid.csproj", "{CCFDD940-C31A-446A-AB09-4ADA59DF7D51}"
EndProject
Project("{2150E333-8FDC-42A3-9474-1A3956D46DE8}") = "Solution Items", "Solution Items", "{22638020-BFDC-4FE5-914A-DF4D7B7BD2EC}"
	ProjectSection(SolutionItems) = preProject
		README.md = README.md
	EndProjectSection
EndProject
Project("{FAE04EC0-301F-11D3-BF4B-00C04F79EFBC}") = "ChocoUlid.Tests", "ChocoUlid.Tests\ChocoUlid.Tests.csproj", "{93861742-19D5-48C9-A498-547BA0DC5F0C}"
EndProject
Global
	GlobalSection(SolutionConfigurationPlatforms) = preSolution
		Debug|Any CPU = Debug|Any CPU
		Release|Any CPU = Release|Any CPU
	EndGlobalSection
	GlobalSection(ProjectConfigurationPlatforms) = postSolution
		{CCFDD940-C31A-446A-AB09-4ADA59DF7D51}.Debug|Any CPU.ActiveCfg = Debug|Any CPU
		{CCFDD940-C31A-446A-AB09-4ADA59DF7D51}.Debug|Any CPU.Build.0 = Debug|Any CPU
		{CCFDD940-C31A-446A-AB09-4ADA59DF7D51}.Release|Any CPU.ActiveCfg = Release|Any CPU
		{CCFDD940-C31A-446A-AB09-4ADA59DF7D51}.Release|Any CPU.Build.0 = Release|Any CPU
		{93861742-19D5-48C9-A498-547BA0DC5F0C}.Debug|Any CPU.ActiveCfg = Debug|Any CPU
		{93861742-19D5-48C9-A498-547BA0DC5F0C}.Debug|Any CPU.Build.0 = Debug|Any CPU
		{93861742-19D5-48C9-A498-547BA0DC5F0C}.Release|Any CPU.ActiveCfg = Release|Any CPU
		{93861742-19D5-48C9-A498-547BA0DC5F0C}.Release|Any CPU.Build.0 = Release|Any CPU
	EndGlobalSection
	GlobalSection(SolutionProperties) = preSolution
		HideSolutionNode = FALSE
	EndGlobalSection
	GlobalSection(ExtensibilityGlobals) = postSolution
		SolutionGuid = {11D72D17-BEDE-444F-A18E-F60DBE34890F}
	EndGlobalSection
EndGlobal
